# THIS IS AN AUTOGENERATED FILE. DO NOT EDIT THIS FILE DIRECTLY.
# yarn lockfile v1


oimo@^1.0.9:
  version "1.0.9"
  resolved "https://registry.yarnpkg.com/oimo/-/oimo-1.0.9.tgz#0b592e361c799103fdb04fb3be1264245ef6884b"
  integrity sha512-eh1eRT3HkKWRjG155pXnzS9JANeeUVZ/bfck5lUPAq23G/lIvkRHn57rwC1unfou+X0wXIF0YmjpKcjDIy3o8g==
